
Microsoft Visual Studio Solution File, Format Version 12.00
# Visual Studio Version 17
VisualStudioVersion = 17.0.31903.59
MinimumVisualStudioVersion = 10.0.40219.1
Project("{FAE04EC0-301F-11D3-BF4B-00C04F79EFBC}") = "Bank.WebApi", "Bank.WebApi\Bank.WebApi.csproj", "{869736EA-F63C-4168-8DB9-F4D37700A596}"
EndProject
Project("{FAE04EC0-301F-11D3-BF4B-00C04F79EFBC}") = "Bank.WebApi.Tests", "Bank.WebApi.Tests\Bank.WebApi.Tests.csproj", "{A957066F-BAD2-4E96-BE7B-997A60AAA77D}"
EndProject
Global
	GlobalSection(SolutionConfigurationPlatforms) = preSolution
		Debug|Any CPU = Debug|Any CPU
		Release|Any CPU = Release|Any CPU
	EndGlobalSection
	GlobalSection(SolutionProperties) = preSolution
		HideSolutionNode = FALSE
	EndGlobalSection
	GlobalSection(ProjectConfigurationPlatforms) = postSolution
		{869736EA-F63C-4168-8DB9-F4D37700A596}.Debug|Any CPU.ActiveCfg = Debug|Any CPU
		{869736EA-F63C-4168-8DB9-F4D37700A596}.Debug|Any CPU.Build.0 = Debug|Any CPU
		{869736EA-F63C-4168-8DB9-F4D37700A596}.Release|Any CPU.ActiveCfg = Release|Any CPU
		{869736EA-F63C-4168-8DB9-F4D37700A596}.Release|Any CPU.Build.0 = Release|Any CPU
		{A957066F-BAD2-4E96-BE7B-997A60AAA77D}.Debug|Any CPU.ActiveCfg = Debug|Any CPU
		{A957066F-BAD2-4E96-BE7B-997A60AAA77D}.Debug|Any CPU.Build.0 = Debug|Any CPU
		{A957066F-BAD2-4E96-BE7B-997A60AAA77D}.Release|Any CPU.ActiveCfg = Release|Any CPU
		{A957066F-BAD2-4E96-BE7B-997A60AAA77D}.Release|Any CPU.Build.0 = Release|Any CPU
	EndGlobalSection
EndGlobal
